
Microsoft Visual Studio Solution File, Format Version 12.00
# Visual Studio Version 17
VisualStudioVersion = 17.7.34221.43
MinimumVisualStudioVersion = 10.0.40219.1
Project("{FAE04EC0-301F-11D3-BF4B-00C04F79EFBC}") = "Project_Final", "Project_Final\Project_Final.csproj", "{87FE36E3-970E-4C8B-8937-EFEC66556380}"
EndProject
Global
	GlobalSection(SolutionConfigurationPlatforms) = preSolution
		Debug|Any CPU = Debug|Any CPU
		Release|Any CPU = Release|Any CPU
	EndGlobalSection
	GlobalSection(ProjectConfigurationPlatforms) = postSolution
		{87FE36E3-970E-4C8B-8937-EFEC66556380}.Debug|Any CPU.ActiveCfg = Debug|Any CPU
		{87FE36E3-970E-4C8B-8937-EFEC66556380}.Debug|Any CPU.Build.0 = Debug|Any CPU
		{87FE36E3-970E-4C8B-8937-EFEC66556380}.Release|Any CPU.ActiveCfg = Release|Any CPU
		{87FE36E3-970E-4C8B-8937-EFEC66556380}.Release|Any CPU.Build.0 = Release|Any CPU
	EndGlobalSection
	GlobalSection(SolutionProperties) = preSolution
		HideSolutionNode = FALSE
	EndGlobalSection
	GlobalSection(ExtensibilityGlobals) = postSolution
		SolutionGuid = {AA1F7E4B-1070-41DD-9775-737660BD551C}
	EndGlobalSection
EndGlobal
